// !$*UTF8*$!
{
	archiveVersion = 1;
	classes = {
	};
	objectVersion = 50;
	objects = {

/* Begin PBXBuildFile section */
		A1865D142636974800AEE286 /* AppDelegate.swift in Sources */ = {isa = PBXBuildFile; fileRef = A1865D132636974800AEE286 /* AppDelegate.swift */; };
		A1865D162636974800AEE286 /* SceneDelegate.swift in Sources */ = {isa = PBXBuildFile; fileRef = A1865D152636974800AEE286 /* SceneDelegate.swift */; };
		A1865D182636974800AEE286 /* ViewController.swift in Sources */ = {isa = PBXBuildFile; fileRef = A1865D172636974800AEE286 /* ViewController.swift */; };
		A1865D1B2636974800AEE286 /* Main.storyboard in Resources */ = {isa = PBXBuildFile; fileRef = A1865D192636974800AEE286 /* Main.storyboard */; };
		A1865D1D2636974A00AEE286 /* Assets.xcassets in Resources */ = {isa = PBXBuildFile; fileRef = A1865D1C2636974A00AEE286 /* Assets.xcassets */; };
		A1865D202636974A00AEE286 /* LaunchScreen.storyboard in Resources */ = {isa = PBXBuildFile; fileRef = A1865D1E2636974A00AEE286 /* LaunchScreen.storyboard */; };
		A1865D302636ADCA00AEE286 /* Delm-Medium.otf in Resources */ = {isa = PBXBuildFile; fileRef = A1865D2E2636ADCA00AEE286 /* Delm-Medium.otf */; };
		A1865D312636ADCA00AEE286 /* ThirstySoftRegular.otf in Resources */ = {isa = PBXBuildFile; fileRef = A1865D2F2636ADCA00AEE286 /* ThirstySoftRegular.otf */; };
		A1B64C5426403CDE00C83E19 /* UIView+Image.swift in Sources */ = {isa = PBXBuildFile; fileRef = A1B64C5326403CDE00C83E19 /* UIView+Image.swift */; };
/* End PBXBuildFile section */

/* Begin PBXFileReference section */
		A1865D102636974800AEE286 /* Instagrid.app */ = {isa = PBXFileReference; explicitFileType = wrapper.application; includeInIndex = 0; path = Instagrid.app; sourceTree = BUILT_PRODUCTS_DIR; };
		A1865D132636974800AEE286 /* AppDelegate.swift */ = {isa = PBXFileReference; lastKnownFileType = sourcecode.swift; path = AppDelegate.swift; sourceTree = "<group>"; };
		A1865D152636974800AEE286 /* SceneDelegate.swift */ = {isa = PBXFileReference; lastKnownFileType = sourcecode.swift; path = SceneDelegate.swift; sourceTree = "<group>"; };
		A1865D172636974800AEE286 /* ViewController.swift */ = {isa = PBXFileReference; lastKnownFileType = sourcecode.swift; path = ViewController.swift; sourceTree = "<group>"; };
		A1865D1A2636974800AEE286 /* Base */ = {isa = PBXFileReference; lastKnownFileType = file.storyboard; name = Base; path = Base.lproj/Main.storyboard; sourceTree = "<group>"; };
		A1865D1C2636974A00AEE286 /* Assets.xcassets */ = {isa = PBXFileReference; lastKnownFileType = folder.assetcatalog; path = Assets.xcassets; sourceTree = "<group>"; };
		A1865D1F2636974A00AEE286 /* Base */ = {isa = PBXFileReference; lastKnownFileType = file.storyboard; name = Base; path = Base.lproj/LaunchScreen.storyboard; sourceTree = "<group>"; };
		A1865D212636974A00AEE286 /* Info.plist */ = {isa = PBXFileReference; lastKnownFileType = text.plist.xml; path = Info.plist; sourceTree = "<group>"; };
		A1865D2E2636ADCA00AEE286 /* Delm-Medium.otf */ = {isa = PBXFileReference; lastKnownFileType = file; path = "Delm-Medium.otf"; sourceTree = SOURCE_ROOT; };
		A1865D2F2636ADCA00AEE286 /* ThirstySoftRegular.otf */ = {isa = PBXFileReference; lastKnownFileType = file; path = ThirstySoftRegular.otf; sourceTree = SOURCE_ROOT; };
		A1B64C5326403CDE00C83E19 /* UIView+Image.swift */ = {isa = PBXFileReference; lastKnownFileType = sourcecode.swift; path = "UIView+Image.swift"; sourceTree = "<group>"; };
/* End PBXFileReference section */

/* Begin PBXFrameworksBuildPhase section */
		A1865D0D2636974800AEE286 /* Frameworks */ = {
			isa = PBXFrameworksBuildPhase;
			buildActionMask = 2147483647;
			files = (
			);
			runOnlyForDeploymentPostprocessing = 0;
		};
/* End PBXFrameworksBuildPhase section */

/* Begin PBXGroup section */
		A1865D072636974800AEE286 = {
			isa = PBXGroup;
			children = (
				A1865D122636974800AEE286 /* Instagrid */,
				A1865D112636974800AEE286 /* Products */,
			);
			sourceTree = "<group>";
		};
		A1865D112636974800AEE286 /* Products */ = {
			isa = PBXGroup;
			children = (
				A1865D102636974800AEE286 /* Instagrid.app */,
			);
			name = Products;
			sourceTree = "<group>";
		};
		A1865D122636974800AEE286 /* Instagrid */ = {
			isa = PBXGroup;
			children = (
				A1B64C5226403CB100C83E19 /* Extension */,
				A1865D2B2636A5DF00AEE286 /* Controller */,
				A1865D2A2636A5D700AEE286 /* View */,
				A1865D292636A5CF00AEE286 /* Modele */,
				A1865D282636A5C100AEE286 /* Supporting Files */,
			);
			path = Instagrid;
			sourceTree = "<group>";
		};
		A1865D282636A5C100AEE286 /* Supporting Files */ = {
			isa = PBXGroup;
			children = (
				A1865D2E2636ADCA00AEE286 /* Delm-Medium.otf */,
				A1865D2F2636ADCA00AEE286 /* ThirstySoftRegular.otf */,
				A1865D1C2636974A00AEE286 /* Assets.xcassets */,
				A1865D1E2636974A00AEE286 /* LaunchScreen.storyboard */,
				A1865D152636974800AEE286 /* SceneDelegate.swift */,
				A1865D132636974800AEE286 /* AppDelegate.swift */,
				A1865D212636974A00AEE286 /* Info.plist */,
			);
			path = "Supporting Files";
			sourceTree = "<group>";
		};
		A1865D292636A5CF00AEE286 /* Modele */ = {
			isa = PBXGroup;
			children = (
			);
			path = Modele;
			sourceTree = "<group>";
		};
		A1865D2A2636A5D700AEE286 /* View */ = {
			isa = PBXGroup;
			children = (
				A1865D192636974800AEE286 /* Main.storyboard */,
			);
			path = View;
			sourceTree = "<group>";
		};
		A1865D2B2636A5DF00AEE286 /* Controller */ = {
			isa = PBXGroup;
			children = (
				A1865D172636974800AEE286 /* ViewController.swift */,
			);
			path = Controller;
			sourceTree = "<group>";
		};
		A1B64C5226403CB100C83E19 /* Extension */ = {
			isa = PBXGroup;
			children = (
				A1B64C5326403CDE00C83E19 /* UIView+Image.swift */,
			);
			path = Extension;
			sourceTree = "<group>";
		};
/* End PBXGroup section */

/* Begin PBXNativeTarget section */
		A1865D0F2636974800AEE286 /* Instagrid */ = {
			isa = PBXNativeTarget;
			buildConfigurationList = A1865D242636974A00AEE286 /* Build configuration list for PBXNativeTarget "Instagrid" */;
			buildPhases = (
				A1865D0C2636974800AEE286 /* Sources */,
				A1865D0D2636974800AEE286 /* Frameworks */,
				A1865D0E2636974800AEE286 /* Resources */,
			);
			buildRules = (
			);
			dependencies = (
			);
			name = Instagrid;
			productName = Instagrid;
			productReference = A1865D102636974800AEE286 /* Instagrid.app */;
			productType = "com.apple.product-type.application";
		};
/* End PBXNativeTarget section */

/* Begin PBXProject section */
		A1865D082636974800AEE286 /* Project object */ = {
			isa = PBXProject;
			attributes = {
				LastSwiftUpdateCheck = 1240;
				LastUpgradeCheck = 1240;
				TargetAttributes = {
					A1865D0F2636974800AEE286 = {
						CreatedOnToolsVersion = 12.4;
					};
				};
			};
			buildConfigurationList = A1865D0B2636974800AEE286 /* Build configuration list for PBXProject "Instagrid" */;
			compatibilityVersion = "Xcode 9.3";
			developmentRegion = en;
			hasScannedForEncodings = 0;
			knownRegions = (
				en,
				Base,
			);
			mainGroup = A1865D072636974800AEE286;
			productRefGroup = A1865D112636974800AEE286 /* Products */;
			projectDirPath = "";
			projectRoot = "";
			targets = (
				A1865D0F2636974800AEE286 /* Instagrid */,
			);
		};
/* End PBXProject section */

/* Begin PBXResourcesBuildPhase section */
		A1865D0E2636974800AEE286 /* Resources */ = {
			isa = PBXResourcesBuildPhase;
			buildActionMask = 2147483647;
			files = (
				A1865D202636974A00AEE286 /* LaunchScreen.storyboard in Resources */,
				A1865D1D2636974A00AEE286 /* Assets.xcassets in Resources */,
				A1865D312636ADCA00AEE286 /* ThirstySoftRegular.otf in Resources */,
				A1865D302636ADCA00AEE286 /* Delm-Medium.otf in Resources */,
				A1865D1B2636974800AEE286 /* Main.storyboard in Resources */,
			);
			runOnlyForDeploymentPostprocessing = 0;
		};
/* End PBXResourcesBuildPhase section */

/* Begin PBXSourcesBuildPhase section */
		A1865D0C2636974800AEE286 /* Sources */ = {
			isa = PBXSourcesBuildPhase;
			buildActionMask = 2147483647;
			files = (
				A1B64C5426403CDE00C83E19 /* UIView+Image.swift in Sources */,
				A1865D182636974800AEE286 /* ViewController.swift in Sources */,
				A1865D142636974800AEE286 /* AppDelegate.swift in Sources */,
				A1865D162636974800AEE286 /* SceneDelegate.swift in Sources */,
			);
			runOnlyForDeploymentPostprocessing = 0;
		};
/* End PBXSourcesBuildPhase section */

/* Begin PBXVariantGroup section */
		A1865D192636974800AEE286 /* Main.storyboard */ = {
			isa = PBXVariantGroup;
			children = (
				A1865D1A2636974800AEE286 /* Base */,
			);
			name = Main.storyboard;
			sourceTree = "<group>";
		};
		A1865D1E2636974A00AEE286 /* LaunchScreen.storyboard */ = {
			isa = PBXVariantGroup;
			children = (
				A1865D1F2636974A00AEE286 /* Base */,
			);
			name = LaunchScreen.storyboard;
			sourceTree = "<group>";
		};
/* End PBXVariantGroup section */

/* Begin XCBuildConfiguration section */
		A1865D222636974A00AEE286 /* Debug */ = {
			isa = XCBuildConfiguration;
			buildSettings = {
				ALWAYS_SEARCH_USER_PATHS = NO;
				CLANG_ANALYZER_NONNULL = YES;
				CLANG_ANALYZER_NUMBER_OBJECT_CONVERSION = YES_AGGRESSIVE;
				CLANG_CXX_LANGUAGE_STANDARD = "gnu++14";
				CLANG_CXX_LIBRARY = "libc++";
				CLANG_ENABLE_MODULES = YES;
				CLANG_ENABLE_OBJC_ARC = YES;
				CLANG_ENABLE_OBJC_WEAK = YES;
				CLANG_WARN_BLOCK_CAPTURE_AUTORELEASING = YES;
				CLANG_WARN_BOOL_CONVERSION = YES;
				CLANG_WARN_COMMA = YES;
				CLANG_WARN_CONSTANT_CONVERSION = YES;
				CLANG_WARN_DEPRECATED_OBJC_IMPLEMENTATIONS = YES;
				CLANG_WARN_DIRECT_OBJC_ISA_USAGE = YES_ERROR;
				CLANG_WARN_DOCUMENTATION_COMMENTS = YES;
				CLANG_WARN_EMPTY_BODY = YES;
				CLANG_WARN_ENUM_CONVERSION = YES;
				CLANG_WARN_INFINITE_RECURSION = YES;
				CLANG_WARN_INT_CONVERSION = YES;
				CLANG_WARN_NON_LITERAL_NULL_CONVERSION = YES;
				CLANG_WARN_OBJC_IMPLICIT_RETAIN_SELF = YES;
				CLANG_WARN_OBJC_LITERAL_CONVERSION = YES;
				CLANG_WARN_OBJC_ROOT_CLASS = YES_ERROR;
				CLANG_WARN_QUOTED_INCLUDE_IN_FRAMEWORK_HEADER = YES;
				CLANG_WARN_RANGE_LOOP_ANALYSIS = YES;
				CLANG_WARN_STRICT_PROTOTYPES = YES;
				CLANG_WARN_SUSPICIOUS_MOVE = YES;
				CLANG_WARN_UNGUARDED_AVAILABILITY = YES_AGGRESSIVE;
				CLANG_WARN_UNREACHABLE_CODE = YES;
				CLANG_WARN__DUPLICATE_METHOD_MATCH = YES;
				COPY_PHASE_STRIP = NO;
				DEBUG_INFORMATION_FORMAT = dwarf;
				ENABLE_STRICT_OBJC_MSGSEND = YES;
				ENABLE_TESTABILITY = YES;
				GCC_C_LANGUAGE_STANDARD = gnu11;
				GCC_DYNAMIC_NO_PIC = NO;
				GCC_NO_COMMON_BLOCKS = YES;
				GCC_OPTIMIZATION_LEVEL = 0;
				GCC_PREPROCESSOR_DEFINITIONS = (
					"DEBUG=1",
					"$(inherited)",
				);
				GCC_WARN_64_TO_32_BIT_CONVERSION = YES;
				GCC_WARN_ABOUT_RETURN_TYPE = YES_ERROR;
				GCC_WARN_UNDECLARED_SELECTOR = YES;
				GCC_WARN_UNINITIALIZED_AUTOS = YES_AGGRESSIVE;
				GCC_WARN_UNUSED_FUNCTION = YES;
				GCC_WARN_UNUSED_VARIABLE = YES;
				INFOPLIST_FILE = "Supporting Files/Info.plist";
				IPHONEOS_DEPLOYMENT_TARGET = 11.0;
				MTL_ENABLE_DEBUG_INFO = INCLUDE_SOURCE;
				MTL_FAST_MATH = YES;
				ONLY_ACTIVE_ARCH = YES;
				SDKROOT = iphoneos;
				SWIFT_ACTIVE_COMPILATION_CONDITIONS = DEBUG;
				SWIFT_OPTIMIZATION_LEVEL = "-Onone";
			};
			name = Debug;
		};
		A1865D232636974A00AEE286 /* Release */ = {
			isa = XCBuildConfiguration;
			buildSettings = {
				ALWAYS_SEARCH_USER_PATHS = NO;
				CLANG_ANALYZER_NONNULL = YES;
				CLANG_ANALYZER_NUMBER_OBJECT_CONVERSION = YES_AGGRESSIVE;
				CLANG_CXX_LANGUAGE_STANDARD = "gnu++14";
				CLANG_CXX_LIBRARY = "libc++";
				CLANG_ENABLE_MODULES = YES;
				CLANG_ENABLE_OBJC_ARC = YES;
				CLANG_ENABLE_OBJC_WEAK = YES;
				CLANG_WARN_BLOCK_CAPTURE_AUTORELEASING = YES;
				CLANG_WARN_BOOL_CONVERSION = YES;
				CLANG_WARN_COMMA = YES;
				CLANG_WARN_CONSTANT_CONVERSION = YES;
				CLANG_WARN_DEPRECATED_OBJC_IMPLEMENTATIONS = YES;
				CLANG_WARN_DIRECT_OBJC_ISA_USAGE = YES_ERROR;
				CLANG_WARN_DOCUMENTATION_COMMENTS = YES;
				CLANG_WARN_EMPTY_BODY = YES;
				CLANG_WARN_ENUM_CONVERSION = YES;
				CLANG_WARN_INFINITE_RECURSION = YES;
				CLANG_WARN_INT_CONVERSION = YES;
				CLANG_WARN_NON_LITERAL_NULL_CONVERSION = YES;
				CLANG_WARN_OBJC_IMPLICIT_RETAIN_SELF = YES;
				CLANG_WARN_OBJC_LITERAL_CONVERSION = YES;
				CLANG_WARN_OBJC_ROOT_CLASS = YES_ERROR;
				CLANG_WARN_QUOTED_INCLUDE_IN_FRAMEWORK_HEADER = YES;
				CLANG_WARN_RANGE_LOOP_ANALYSIS = YES;
				CLANG_WARN_STRICT_PROTOTYPES = YES;
				CLANG_WARN_SUSPICIOUS_MOVE = YES;
				CLANG_WARN_UNGUARDED_AVAILABILITY = YES_AGGRESSIVE;
				CLANG_WARN_UNREACHABLE_CODE = YES;
				CLANG_WARN__DUPLICATE_METHOD_MATCH = YES;
				COPY_PHASE_STRIP = NO;
				DEBUG_INFORMATION_FORMAT = "dwarf-with-dsym";
				ENABLE_NS_ASSERTIONS = NO;
				ENABLE_STRICT_OBJC_MSGSEND = YES;
				GCC_C_LANGUAGE_STANDARD = gnu11;
				GCC_NO_COMMON_BLOCKS = YES;
				GCC_WARN_64_TO_32_BIT_CONVERSION = YES;
				GCC_WARN_ABOUT_RETURN_TYPE = YES_ERROR;
				GCC_WARN_UNDECLARED_SELECTOR = YES;
				GCC_WARN_UNINITIALIZED_AUTOS = YES_AGGRESSIVE;
				GCC_WARN_UNUSED_FUNCTION = YES;
				GCC_WARN_UNUSED_VARIABLE = YES;
				INFOPLIST_FILE = "Supporting Files/Info.plist";
				IPHONEOS_DEPLOYMENT_TARGET = 11.0;
				MTL_ENABLE_DEBUG_INFO = NO;
				MTL_FAST_MATH = YES;
				SDKROOT = iphoneos;
				SWIFT_COMPILATION_MODE = wholemodule;
				SWIFT_OPTIMIZATION_LEVEL = "-O";
				VALIDATE_PRODUCT = YES;
			};
			name = Release;
		};
		A1865D252636974A00AEE286 /* Debug */ = {
			isa = XCBuildConfiguration;
			buildSettings = {
				ASSETCATALOG_COMPILER_APPICON_NAME = AppIcon;
				ASSETCATALOG_COMPILER_GLOBAL_ACCENT_COLOR_NAME = AccentColor;
				CODE_SIGN_STYLE = Automatic;
				DEVELOPMENT_TEAM = P37T2AJK9B;
				INFOPLIST_FILE = "$(SRCROOT)/Instagrid/Supporting Files/Info.plist";
				LD_RUNPATH_SEARCH_PATHS = (
					"$(inherited)",
					"@executable_path/Frameworks",
				);
				PRODUCT_BUNDLE_IDENTIFIER = com.openclassroom.Instagrid;
				PRODUCT_NAME = "$(TARGET_NAME)";
				SWIFT_VERSION = 5.0;
				TARGETED_DEVICE_FAMILY = 1;
			};
			name = Debug;
		};
		A1865D262636974A00AEE286 /* Release */ = {
			isa = XCBuildConfiguration;
			buildSettings = {
				ASSETCATALOG_COMPILER_APPICON_NAME = AppIcon;
				ASSETCATALOG_COMPILER_GLOBAL_ACCENT_COLOR_NAME = AccentColor;
				CODE_SIGN_STYLE = Automatic;
				DEVELOPMENT_TEAM = P37T2AJK9B;
				INFOPLIST_FILE = "$(SRCROOT)/Instagrid/Supporting Files/Info.plist";
				LD_RUNPATH_SEARCH_PATHS = (
					"$(inherited)",
					"@executable_path/Frameworks",
				);
				PRODUCT_BUNDLE_IDENTIFIER = com.openclassroom.Instagrid;
				PRODUCT_NAME = "$(TARGET_NAME)";
				SWIFT_VERSION = 5.0;
				TARGETED_DEVICE_FAMILY = 1;
			};
			name = Release;
		};
/* End XCBuildConfiguration section */

/* Begin XCConfigurationList section */
		A1865D0B2636974800AEE286 /* Build configuration list for PBXProject "Instagrid" */ = {
			isa = XCConfigurationList;
			buildConfigurations = (
				A1865D222636974A00AEE286 /* Debug */,
				A1865D232636974A00AEE286 /* Release */,
			);
			defaultConfigurationIsVisible = 0;
			defaultConfigurationName = Release;
		};
		A1865D242636974A00AEE286 /* Build configuration list for PBXNativeTarget "Instagrid" */ = {
			isa = XCConfigurationList;
			buildConfigurations = (
				A1865D252636974A00AEE286 /* Debug */,
				A1865D262636974A00AEE286 /* Release */,
			);
			defaultConfigurationIsVisible = 0;
			defaultConfigurationName = Release;
		};
/* End XCConfigurationList section */
	};
	rootObject = A1865D082636974800AEE286 /* Project object */;
}
